{
  "name": "rsocket-rust-js",
  "version": "0.7.4",
  "lockfileVersion": 3,
  "requires": true,
  "packages": {
    "": {
      "name": "rsocket-rust-js",
      "version": "0.7.4",
      "hasInstallScript": true,
      "license": "Apache-2.0",
      "devDependencies": {
        "cargo-cp-artifact": "^0.1"
      },
      "engines": {
        "node": ">= 10"
      }
    },
    "node_modules/cargo-cp-artifact": {
      "version": "0.1.9",
      "resolved": "https://registry.npmjs.org/cargo-cp-artifact/-/cargo-cp-artifact-0.1.9.tgz",
      "integrity": "sha512-6F+UYzTaGB+awsTXg0uSJA1/b/B3DDJzpKVRu0UmyI7DmNeaAl2RFHuTGIN6fEgpadRxoXGb7gbC1xo4C3IdyA==",
      "dev": true,
      "license": "MIT",
      "bin": {
        "cargo-cp-artifact": "bin/cargo-cp-artifact.js"
      }
    }
  }
}
